
Microsoft Visual Studio Solution File, Format Version 12.00
# Visual Studio Version 17
VisualStudioVersion = 17.0.31903.59
MinimumVisualStudioVersion = 10.0.40219.1
Project("{FAE04EC0-301F-11D3-BF4B-00C04F79EFBC}") = "TetraSign.WebApi", "TetraSign.WebApi\TetraSign.WebApi.csproj", "{F494C967-00DF-4C89-8404-C6104841F8BB}"
EndProject
Project("{FAE04EC0-301F-11D3-BF4B-00C04F79EFBC}") = "TetraSign.Core", "TetraSign.Core\TetraSign.Core.csproj", "{071CE335-3D71-48C8-A757-C70C08BA61C7}"
EndProject
Global
	GlobalSection(SolutionConfigurationPlatforms) = preSolution
		Debug|Any CPU = Debug|Any CPU
		Release|Any CPU = Release|Any CPU
	EndGlobalSection
	GlobalSection(SolutionProperties) = preSolution
		HideSolutionNode = FALSE
	EndGlobalSection
	GlobalSection(ProjectConfigurationPlatforms) = postSolution
		{F494C967-00DF-4C89-8404-C6104841F8BB}.Debug|Any CPU.ActiveCfg = Debug|Any CPU
		{F494C967-00DF-4C89-8404-C6104841F8BB}.Debug|Any CPU.Build.0 = Debug|Any CPU
		{F494C967-00DF-4C89-8404-C6104841F8BB}.Release|Any CPU.ActiveCfg = Release|Any CPU
		{F494C967-00DF-4C89-8404-C6104841F8BB}.Release|Any CPU.Build.0 = Release|Any CPU
		{071CE335-3D71-48C8-A757-C70C08BA61C7}.Debug|Any CPU.ActiveCfg = Debug|Any CPU
		{071CE335-3D71-48C8-A757-C70C08BA61C7}.Debug|Any CPU.Build.0 = Debug|Any CPU
		{071CE335-3D71-48C8-A757-C70C08BA61C7}.Release|Any CPU.ActiveCfg = Release|Any CPU
		{071CE335-3D71-48C8-A757-C70C08BA61C7}.Release|Any CPU.Build.0 = Release|Any CPU
	EndGlobalSection
EndGlobal
